
Microsoft Visual Studio Solution File, Format Version 12.00
# Visual Studio Version 16
VisualStudioVersion = 16.0.31729.503
MinimumVisualStudioVersion = 10.0.40219.1
Project("{FAE04EC0-301F-11D3-BF4B-00C04F79EFBC}") = "ArduinoRelay", "ArduinoRelay\ArduinoRelay.csproj", "{1C3E7FCC-2E4C-463A-93BF-805D0E066DBE}"
EndProject
Global
	GlobalSection(SolutionConfigurationPlatforms) = preSolution
		Debug|Any CPU = Debug|Any CPU
		Release|Any CPU = Release|Any CPU
	EndGlobalSection
	GlobalSection(ProjectConfigurationPlatforms) = postSolution
		{1C3E7FCC-2E4C-463A-93BF-805D0E066DBE}.Debug|Any CPU.ActiveCfg = Debug|Any CPU
		{1C3E7FCC-2E4C-463A-93BF-805D0E066DBE}.Debug|Any CPU.Build.0 = Debug|Any CPU
		{1C3E7FCC-2E4C-463A-93BF-805D0E066DBE}.Release|Any CPU.ActiveCfg = Release|Any CPU
		{1C3E7FCC-2E4C-463A-93BF-805D0E066DBE}.Release|Any CPU.Build.0 = Release|Any CPU
	EndGlobalSection
	GlobalSection(SolutionProperties) = preSolution
		HideSolutionNode = FALSE
	EndGlobalSection
	GlobalSection(ExtensibilityGlobals) = postSolution
		SolutionGuid = {CE4ABF9C-265C-47D1-826A-AEEF9A8F612E}
	EndGlobalSection
EndGlobal
